
Microsoft Visual Studio Solution File, Format Version 12.00
# Visual Studio 15
VisualStudioVersion = 15.0.27703.2035
MinimumVisualStudioVersion = 10.0.40219.1
Project("{FAE04EC0-301F-11D3-BF4B-00C04F79EFBC}") = "Targil1_1", "Targil1_1\Targil1_1.csproj", "{45874F24-4EC1-4135-BE65-F68953F4F2AA}"
EndProject
Global
	GlobalSection(SolutionConfigurationPlatforms) = preSolution
		Debug|Any CPU = Debug|Any CPU
		Release|Any CPU = Release|Any CPU
	EndGlobalSection
	GlobalSection(ProjectConfigurationPlatforms) = postSolution
		{45874F24-4EC1-4135-BE65-F68953F4F2AA}.Debug|Any CPU.ActiveCfg = Debug|Any CPU
		{45874F24-4EC1-4135-BE65-F68953F4F2AA}.Debug|Any CPU.Build.0 = Debug|Any CPU
		{45874F24-4EC1-4135-BE65-F68953F4F2AA}.Release|Any CPU.ActiveCfg = Release|Any CPU
		{45874F24-4EC1-4135-BE65-F68953F4F2AA}.Release|Any CPU.Build.0 = Release|Any CPU
	EndGlobalSection
	GlobalSection(SolutionProperties) = preSolution
		HideSolutionNode = FALSE
	EndGlobalSection
	GlobalSection(ExtensibilityGlobals) = postSolution
		SolutionGuid = {262F83C1-CD99-49B4-BFC6-502FF811AE26}
	EndGlobalSection
EndGlobal
